// !$*UTF8*$!
{
	archiveVersion = 1;
	classes = {
	};
	objectVersion = 60;
	objects = {

/* Begin PBXBuildFile section */
		746C11342F6884CB00F44B30 /* NotificationService.swift in Sources */ = {isa = PBXBuildFile; fileRef = 746C11322F6884CB00F44B30 /* NotificationService.swift */; };
		746C16252F6AD6A100F44B30 /* AppsFlyerManager.swift in Sources */ = {isa = PBXBuildFile; fileRef = 746C15FC2F6AD6A100F44B30 /* AppsFlyerManager.swift */; };
		746C16262F6AD6A100F44B30 /* ConfigManager.swift in Sources */ = {isa = PBXBuildFile; fileRef = 746C15FD2F6AD6A100F44B30 /* ConfigManager.swift */; };
		746C16272F6AD6A100F44B30 /* LoadingManager.swift in Sources */ = {isa = PBXBuildFile; fileRef = 746C15FE2F6AD6A100F44B30 /* LoadingManager.swift */; };
		746C16282F6AD6A100F44B30 /* LoadingView.swift in Sources */ = {isa = PBXBuildFile; fileRef = 746C15FF2F6AD6A100F44B30 /* LoadingView.swift */; };
		746C16292F6AD6A100F44B30 /* LoadingViewController.swift in Sources */ = {isa = PBXBuildFile; fileRef = 746C16002F6AD6A100F44B30 /* LoadingViewController.swift */; };
		746C162A2F6AD6A100F44B30 /* NetworkAvailability.swift in Sources */ = {isa = PBXBuildFile; fileRef = 746C16012F6AD6A100F44B30 /* NetworkAvailability.swift */; };
		746C162B2F6AD6A100F44B30 /* NoInternetView.swift in Sources */ = {isa = PBXBuildFile; fileRef = 746C16022F6AD6A100F44B30 /* NoInternetView.swift */; };
		746C162C2F6AD6A100F44B30 /* NotificationPermissionManager.swift in Sources */ = {isa = PBXBuildFile; fileRef = 746C16032F6AD6A100F44B30 /* NotificationPermissionManager.swift */; };
		746C162D2F6AD6A100F44B30 /* NotificationPermissionView.swift in Sources */ = {isa = PBXBuildFile; fileRef = 746C16042F6AD6A100F44B30 /* NotificationPermissionView.swift */; };
		746C162E2F6AD6A100F44B30 /* NotificationPermissionViewController.swift in Sources */ = {isa = PBXBuildFile; fileRef = 746C16052F6AD6A100F44B30 /* NotificationPermissionViewController.swift */; };
		746C162F2F6AD6A100F44B30 /* PushNotificationURLRouter.swift in Sources */ = {isa = PBXBuildFile; fileRef = 746C16062F6AD6A100F44B30 /* PushNotificationURLRouter.swift */; };
		746C16302F6AD6A100F44B30 /* UserAgentBuilder.swift in Sources */ = {isa = PBXBuildFile; fileRef = 746C16072F6AD6A100F44B30 /* UserAgentBuilder.swift */; };
		746C16312F6AD6A100F44B30 /* WebviewVC.swift in Sources */ = {isa = PBXBuildFile; fileRef = 746C16082F6AD6A100F44B30 /* WebviewVC.swift */; };
		746C16322F6AD6A100F44B30 /* AchievementsTabView.swift in Sources */ = {isa = PBXBuildFile; fileRef = 746C160B2F6AD6A100F44B30 /* AchievementsTabView.swift */; };
		746C16332F6AD6A100F44B30 /* AppDelegate.swift in Sources */ = {isa = PBXBuildFile; fileRef = 746C160C2F6AD6A100F44B30 /* AppDelegate.swift */; };
		746C16342F6AD6A100F44B30 /* ContentView.swift in Sources */ = {isa = PBXBuildFile; fileRef = 746C160E2F6AD6A100F44B30 /* ContentView.swift */; };
		746C16352F6AD6A100F44B30 /* GameBackgroundView.swift in Sources */ = {isa = PBXBuildFile; fileRef = 746C160F2F6AD6A100F44B30 /* GameBackgroundView.swift */; };
		746C16362F6AD6A100F44B30 /* GameSelectionView.swift in Sources */ = {isa = PBXBuildFile; fileRef = 746C16102F6AD6A100F44B30 /* GameSelectionView.swift */; };
		746C16372F6AD6A100F44B30 /* GameStorage.swift in Sources */ = {isa = PBXBuildFile; fileRef = 746C16112F6AD6A100F44B30 /* GameStorage.swift */; };
		746C16382F6AD6A100F44B30 /* LevelResultView.swift in Sources */ = {isa = PBXBuildFile; fileRef = 746C16162F6AD6A100F44B30 /* LevelResultView.swift */; };
		746C16392F6AD6A100F44B30 /* MainTabView.swift in Sources */ = {isa = PBXBuildFile; fileRef = 746C16192F6AD6A100F44B30 /* MainTabView.swift */; };
		746C163A2F6AD6A100F44B30 /* OnboardingView.swift in Sources */ = {isa = PBXBuildFile; fileRef = 746C161A2F6AD6A100F44B30 /* OnboardingView.swift */; };
		746C163B2F6AD6A100F44B30 /* PathTracerViewModel.swift in Sources */ = {isa = PBXBuildFile; fileRef = 746C161B2F6AD6A100F44B30 /* PathTracerViewModel.swift */; };
		746C163C2F6AD6A100F44B30 /* PlayTabView.swift in Sources */ = {isa = PBXBuildFile; fileRef = 746C161C2F6AD6A100F44B30 /* PlayTabView.swift */; };
		746C163D2F6AD6A100F44B30 /* PrecisionDropViewModel.swift in Sources */ = {isa = PBXBuildFile; fileRef = 746C161D2F6AD6A100F44B30 /* PrecisionDropViewModel.swift */; };
		746C163E2F6AD6A100F44B30 /* RootGameContainerView.swift in Sources */ = {isa = PBXBuildFile; fileRef = 746C161E2F6AD6A100F44B30 /* RootGameContainerView.swift */; };
		746C163F2F6AD6A100F44B30 /* ScaledButtonStyle.swift in Sources */ = {isa = PBXBuildFile; fileRef = 746C161F2F6AD6A100F44B30 /* ScaledButtonStyle.swift */; };
		746C16402F6AD6A100F44B30 /* SceneDelegate.swift in Sources */ = {isa = PBXBuildFile; fileRef = 746C16202F6AD6A100F44B30 /* SceneDelegate.swift */; };
		746C16412F6AD6A100F44B30 /* SettingsTabView.swift in Sources */ = {isa = PBXBuildFile; fileRef = 746C16212F6AD6A100F44B30 /* SettingsTabView.swift */; };
		746C16422F6AD6A100F44B30 /* StackRushViewModel.swift in Sources */ = {isa = PBXBuildFile; fileRef = 746C16222F6AD6A100F44B30 /* StackRushViewModel.swift */; };
		746C16432F6AD6A100F44B30 /* ViewController.swift in Sources */ = {isa = PBXBuildFile; fileRef = 746C16232F6AD6A100F44B30 /* ViewController.swift */; };
		746C16442F6AD6A100F44B30 /* Assets.xcassets in Resources */ = {isa = PBXBuildFile; fileRef = 746C160D2F6AD6A100F44B30 /* Assets.xcassets */; };
		746C16452F6AD6A100F44B30 /* GoogleService-Info.plist in Resources */ = {isa = PBXBuildFile; fileRef = 746C16122F6AD6A100F44B30 /* GoogleService-Info.plist */; };
		746C16472F6AD6A100F44B30 /* LaunchScreen.storyboard in Resources */ = {isa = PBXBuildFile; fileRef = 746C16152F6AD6A100F44B30 /* LaunchScreen.storyboard */; };
		746C16482F6AD6A100F44B30 /* Main.storyboard in Resources */ = {isa = PBXBuildFile; fileRef = 746C16182F6AD6A100F44B30 /* Main.storyboard */; };
		748178E92F5E0D9B008BA5CC /* AppsFlyerLib-Static in Frameworks */ = {isa = PBXBuildFile; productRef = 748178E82F5E0D9B008BA5CC /* AppsFlyerLib-Static */; };
		74F338CE2F5EB83600D4BA16 /* FirebaseMessaging in Frameworks */ = {isa = PBXBuildFile; productRef = 74F338CD2F5EB83600D4BA16 /* FirebaseMessaging */; };
		8A1000012F70000100AAA001 /* FirebaseMessaging in Frameworks */ = {isa = PBXBuildFile; productRef = 74F338CD2F5EB83600D4BA16 /* FirebaseMessaging */; };
		8A1000022F70000100AAA001 /* NotificationServiceExtension.appex in Embed App Extensions */ = {isa = PBXBuildFile; fileRef = 8A1000032F70000100AAA001 /* NotificationServiceExtension.appex */; settings = {ATTRIBUTES = (RemoveHeadersOnCopy, ); }; };
/* End PBXBuildFile section */

/* Begin PBXContainerItemProxy section */
		8A10000E2F70000100AAA001 /* PBXContainerItemProxy */ = {
			isa = PBXContainerItemProxy;
			containerPortal = 748173452F56D729008BA5CC /* Project object */;
			proxyType = 1;
			remoteGlobalIDString = 8A1000072F70000100AAA001;
			remoteInfo = NotificationServiceExtension;
		};
/* End PBXContainerItemProxy section */

/* Begin PBXCopyFilesBuildPhase section */
		8A10000D2F70000100AAA001 /* Embed App Extensions */ = {
			isa = PBXCopyFilesBuildPhase;
			buildActionMask = 2147483647;
			dstPath = "";
			dstSubfolderSpec = 13;
			files = (
				8A1000022F70000100AAA001 /* NotificationServiceExtension.appex in Embed App Extensions */,
			);
			name = "Embed App Extensions";
			runOnlyForDeploymentPostprocessing = 0;
		};
/* End PBXCopyFilesBuildPhase section */

/* Begin PBXFileReference section */
		746C11312F6884CB00F44B30 /* Info.plist */ = {isa = PBXFileReference; lastKnownFileType = text.plist.xml; path = Info.plist; sourceTree = "<group>"; };
		746C11322F6884CB00F44B30 /* NotificationService.swift */ = {isa = PBXFileReference; lastKnownFileType = sourcecode.swift; path = NotificationService.swift; sourceTree = "<group>"; };
		746C15FC2F6AD6A100F44B30 /* AppsFlyerManager.swift */ = {isa = PBXFileReference; lastKnownFileType = sourcecode.swift; path = AppsFlyerManager.swift; sourceTree = "<group>"; };
		746C15FD2F6AD6A100F44B30 /* ConfigManager.swift */ = {isa = PBXFileReference; lastKnownFileType = sourcecode.swift; path = ConfigManager.swift; sourceTree = "<group>"; };
		746C15FE2F6AD6A100F44B30 /* LoadingManager.swift */ = {isa = PBXFileReference; lastKnownFileType = sourcecode.swift; path = LoadingManager.swift; sourceTree = "<group>"; };
		746C15FF2F6AD6A100F44B30 /* LoadingView.swift */ = {isa = PBXFileReference; lastKnownFileType = sourcecode.swift; path = LoadingView.swift; sourceTree = "<group>"; };
		746C16002F6AD6A100F44B30 /* LoadingViewController.swift */ = {isa = PBXFileReference; lastKnownFileType = sourcecode.swift; path = LoadingViewController.swift; sourceTree = "<group>"; };
		746C16012F6AD6A100F44B30 /* NetworkAvailability.swift */ = {isa = PBXFileReference; lastKnownFileType = sourcecode.swift; path = NetworkAvailability.swift; sourceTree = "<group>"; };
		746C16022F6AD6A100F44B30 /* NoInternetView.swift */ = {isa = PBXFileReference; lastKnownFileType = sourcecode.swift; path = NoInternetView.swift; sourceTree = "<group>"; };
		746C16032F6AD6A100F44B30 /* NotificationPermissionManager.swift */ = {isa = PBXFileReference; lastKnownFileType = sourcecode.swift; path = NotificationPermissionManager.swift; sourceTree = "<group>"; };
		746C16042F6AD6A100F44B30 /* NotificationPermissionView.swift */ = {isa = PBXFileReference; lastKnownFileType = sourcecode.swift; path = NotificationPermissionView.swift; sourceTree = "<group>"; };
		746C16052F6AD6A100F44B30 /* NotificationPermissionViewController.swift */ = {isa = PBXFileReference; lastKnownFileType = sourcecode.swift; path = NotificationPermissionViewController.swift; sourceTree = "<group>"; };
		746C16062F6AD6A100F44B30 /* PushNotificationURLRouter.swift */ = {isa = PBXFileReference; lastKnownFileType = sourcecode.swift; path = PushNotificationURLRouter.swift; sourceTree = "<group>"; };
		746C16072F6AD6A100F44B30 /* UserAgentBuilder.swift */ = {isa = PBXFileReference; lastKnownFileType = sourcecode.swift; path = UserAgentBuilder.swift; sourceTree = "<group>"; };
		746C16082F6AD6A100F44B30 /* WebviewVC.swift */ = {isa = PBXFileReference; lastKnownFileType = sourcecode.swift; path = WebviewVC.swift; sourceTree = "<group>"; };
		746C160A2F6AD6A100F44B30 /* 1TrulbargrovarStrinel.entitlements */ = {isa = PBXFileReference; lastKnownFileType = text.plist.entitlements; path = 1TrulbargrovarStrinel.entitlements; sourceTree = "<group>"; };
		746C160B2F6AD6A100F44B30 /* AchievementsTabView.swift */ = {isa = PBXFileReference; lastKnownFileType = sourcecode.swift; path = AchievementsTabView.swift; sourceTree = "<group>"; };
		746C160C2F6AD6A100F44B30 /* AppDelegate.swift */ = {isa = PBXFileReference; lastKnownFileType = sourcecode.swift; path = AppDelegate.swift; sourceTree = "<group>"; };
		746C160D2F6AD6A100F44B30 /* Assets.xcassets */ = {isa = PBXFileReference; lastKnownFileType = folder.assetcatalog; path = Assets.xcassets; sourceTree = "<group>"; };
		746C160E2F6AD6A100F44B30 /* ContentView.swift */ = {isa = PBXFileReference; lastKnownFileType = sourcecode.swift; path = ContentView.swift; sourceTree = "<group>"; };
		746C160F2F6AD6A100F44B30 /* GameBackgroundView.swift */ = {isa = PBXFileReference; lastKnownFileType = sourcecode.swift; path = GameBackgroundView.swift; sourceTree = "<group>"; };
		746C16102F6AD6A100F44B30 /* GameSelectionView.swift */ = {isa = PBXFileReference; lastKnownFileType = sourcecode.swift; path = GameSelectionView.swift; sourceTree = "<group>"; };
		746C16112F6AD6A100F44B30 /* GameStorage.swift */ = {isa = PBXFileReference; lastKnownFileType = sourcecode.swift; path = GameStorage.swift; sourceTree = "<group>"; };
		746C16122F6AD6A100F44B30 /* GoogleService-Info.plist */ = {isa = PBXFileReference; lastKnownFileType = text.plist.xml; path = "GoogleService-Info.plist"; sourceTree = "<group>"; };
		746C16132F6AD6A100F44B30 /* Info.plist */ = {isa = PBXFileReference; lastKnownFileType = text.plist.xml; path = Info.plist; sourceTree = "<group>"; };
		746C16142F6AD6A100F44B30 /* Base */ = {isa = PBXFileReference; lastKnownFileType = file.storyboard; name = Base; path = Base.lproj/LaunchScreen.storyboard; sourceTree = "<group>"; };
		746C16162F6AD6A100F44B30 /* LevelResultView.swift */ = {isa = PBXFileReference; lastKnownFileType = sourcecode.swift; path = LevelResultView.swift; sourceTree = "<group>"; };
		746C16172F6AD6A100F44B30 /* Base */ = {isa = PBXFileReference; lastKnownFileType = file.storyboard; name = Base; path = Base.lproj/Main.storyboard; sourceTree = "<group>"; };
		746C16192F6AD6A100F44B30 /* MainTabView.swift */ = {isa = PBXFileReference; lastKnownFileType = sourcecode.swift; path = MainTabView.swift; sourceTree = "<group>"; };
		746C161A2F6AD6A100F44B30 /* OnboardingView.swift */ = {isa = PBXFileReference; lastKnownFileType = sourcecode.swift; path = OnboardingView.swift; sourceTree = "<group>"; };
		746C161B2F6AD6A100F44B30 /* PathTracerViewModel.swift */ = {isa = PBXFileReference; lastKnownFileType = sourcecode.swift; path = PathTracerViewModel.swift; sourceTree = "<group>"; };
		746C161C2F6AD6A100F44B30 /* PlayTabView.swift */ = {isa = PBXFileReference; lastKnownFileType = sourcecode.swift; path = PlayTabView.swift; sourceTree = "<group>"; };
		746C161D2F6AD6A100F44B30 /* PrecisionDropViewModel.swift */ = {isa = PBXFileReference; lastKnownFileType = sourcecode.swift; path = PrecisionDropViewModel.swift; sourceTree = "<group>"; };
		746C161E2F6AD6A100F44B30 /* RootGameContainerView.swift */ = {isa = PBXFileReference; lastKnownFileType = sourcecode.swift; path = RootGameContainerView.swift; sourceTree = "<group>"; };
		746C161F2F6AD6A100F44B30 /* ScaledButtonStyle.swift */ = {isa = PBXFileReference; lastKnownFileType = sourcecode.swift; path = ScaledButtonStyle.swift; sourceTree = "<group>"; };
		746C16202F6AD6A100F44B30 /* SceneDelegate.swift */ = {isa = PBXFileReference; lastKnownFileType = sourcecode.swift; path = SceneDelegate.swift; sourceTree = "<group>"; };
		746C16212F6AD6A100F44B30 /* SettingsTabView.swift */ = {isa = PBXFileReference; lastKnownFileType = sourcecode.swift; path = SettingsTabView.swift; sourceTree = "<group>"; };
		746C16222F6AD6A100F44B30 /* StackRushViewModel.swift */ = {isa = PBXFileReference; lastKnownFileType = sourcecode.swift; path = StackRushViewModel.swift; sourceTree = "<group>"; };
		746C16232F6AD6A100F44B30 /* ViewController.swift */ = {isa = PBXFileReference; lastKnownFileType = sourcecode.swift; path = ViewController.swift; sourceTree = "<group>"; };
		7481734D2F56D729008BA5CC /* 1TrulbargrovarStrinel.app */ = {isa = PBXFileReference; explicitFileType = wrapper.application; includeInIndex = 0; path = 1TrulbargrovarStrinel.app; sourceTree = BUILT_PRODUCTS_DIR; };
		8A1000032F70000100AAA001 /* NotificationServiceExtension.appex */ = {isa = PBXFileReference; explicitFileType = "wrapper.app-extension"; includeInIndex = 0; path = NotificationServiceExtension.appex; sourceTree = BUILT_PRODUCTS_DIR; };
		B93B32A2DB826C155AE1C60C /* Pods-1TrulbargrovarStrinel.release.xcconfig */ = {isa = PBXFileReference; includeInIndex = 1; lastKnownFileType = text.xcconfig; name = "Pods-1TrulbargrovarStrinel.release.xcconfig"; path = "Target Support Files/Pods-1TrulbargrovarStrinel/Pods-1TrulbargrovarStrinel.release.xcconfig"; sourceTree = "<group>"; };
		BFB2C21857C5A9C0F1005658 /* Pods_1TrulbargrovarStrinel.framework */ = {isa = PBXFileReference; explicitFileType = wrapper.framework; includeInIndex = 0; path = Pods_1TrulbargrovarStrinel.framework; sourceTree = BUILT_PRODUCTS_DIR; };
		E2FB0DEFC38C643C1EB3B613 /* Pods-1TrulbargrovarStrinel.debug.xcconfig */ = {isa = PBXFileReference; includeInIndex = 1; lastKnownFileType = text.xcconfig; name = "Pods-1TrulbargrovarStrinel.debug.xcconfig"; path = "Target Support Files/Pods-1TrulbargrovarStrinel/Pods-1TrulbargrovarStrinel.debug.xcconfig"; sourceTree = "<group>"; };
/* End PBXFileReference section */

/* Begin PBXFrameworksBuildPhase section */
		7481734A2F56D729008BA5CC /* Frameworks */ = {
			isa = PBXFrameworksBuildPhase;
			buildActionMask = 2147483647;
			files = (
				74F338CE2F5EB83600D4BA16 /* FirebaseMessaging in Frameworks */,
				748178E92F5E0D9B008BA5CC /* AppsFlyerLib-Static in Frameworks */,
			);
			runOnlyForDeploymentPostprocessing = 0;
		};
		8A1000062F70000100AAA001 /* Frameworks */ = {
			isa = PBXFrameworksBuildPhase;
			buildActionMask = 2147483647;
			files = (
				8A1000012F70000100AAA001 /* FirebaseMessaging in Frameworks */,
			);
			runOnlyForDeploymentPostprocessing = 0;
		};
/* End PBXFrameworksBuildPhase section */

/* Begin PBXGroup section */
		746C11332F6884CB00F44B30 /* NotificationServiceExtension */ = {
			isa = PBXGroup;
			children = (
				746C11312F6884CB00F44B30 /* Info.plist */,
				746C11322F6884CB00F44B30 /* NotificationService.swift */,
			);
			path = NotificationServiceExtension;
			sourceTree = "<group>";
		};
		746C16092F6AD6A100F44B30 /* Loading */ = {
			isa = PBXGroup;
			children = (
				746C15FC2F6AD6A100F44B30 /* AppsFlyerManager.swift */,
				746C15FD2F6AD6A100F44B30 /* ConfigManager.swift */,
				746C15FE2F6AD6A100F44B30 /* LoadingManager.swift */,
				746C15FF2F6AD6A100F44B30 /* LoadingView.swift */,
				746C16002F6AD6A100F44B30 /* LoadingViewController.swift */,
				746C16012F6AD6A100F44B30 /* NetworkAvailability.swift */,
				746C16022F6AD6A100F44B30 /* NoInternetView.swift */,
				746C16032F6AD6A100F44B30 /* NotificationPermissionManager.swift */,
				746C16042F6AD6A100F44B30 /* NotificationPermissionView.swift */,
				746C16052F6AD6A100F44B30 /* NotificationPermissionViewController.swift */,
				746C16062F6AD6A100F44B30 /* PushNotificationURLRouter.swift */,
				746C16072F6AD6A100F44B30 /* UserAgentBuilder.swift */,
				746C16082F6AD6A100F44B30 /* WebviewVC.swift */,
			);
			path = Loading;
			sourceTree = "<group>";
		};
		746C16242F6AD6A100F44B30 /* 1TrulbargrovarStrinel */ = {
			isa = PBXGroup;
			children = (
				746C16092F6AD6A100F44B30 /* Loading */,
				746C160A2F6AD6A100F44B30 /* 1TrulbargrovarStrinel.entitlements */,
				746C160B2F6AD6A100F44B30 /* AchievementsTabView.swift */,
				746C160C2F6AD6A100F44B30 /* AppDelegate.swift */,
				746C160D2F6AD6A100F44B30 /* Assets.xcassets */,
				746C160E2F6AD6A100F44B30 /* ContentView.swift */,
				746C160F2F6AD6A100F44B30 /* GameBackgroundView.swift */,
				746C16102F6AD6A100F44B30 /* GameSelectionView.swift */,
				746C16112F6AD6A100F44B30 /* GameStorage.swift */,
				746C16122F6AD6A100F44B30 /* GoogleService-Info.plist */,
				746C16132F6AD6A100F44B30 /* Info.plist */,
				746C16152F6AD6A100F44B30 /* LaunchScreen.storyboard */,
				746C16162F6AD6A100F44B30 /* LevelResultView.swift */,
				746C16182F6AD6A100F44B30 /* Main.storyboard */,
				746C16192F6AD6A100F44B30 /* MainTabView.swift */,
				746C161A2F6AD6A100F44B30 /* OnboardingView.swift */,
				746C161B2F6AD6A100F44B30 /* PathTracerViewModel.swift */,
				746C161C2F6AD6A100F44B30 /* PlayTabView.swift */,
				746C161D2F6AD6A100F44B30 /* PrecisionDropViewModel.swift */,
				746C161E2F6AD6A100F44B30 /* RootGameContainerView.swift */,
				746C161F2F6AD6A100F44B30 /* ScaledButtonStyle.swift */,
				746C16202F6AD6A100F44B30 /* SceneDelegate.swift */,
				746C16212F6AD6A100F44B30 /* SettingsTabView.swift */,
				746C16222F6AD6A100F44B30 /* StackRushViewModel.swift */,
				746C16232F6AD6A100F44B30 /* ViewController.swift */,
			);
			path = 1TrulbargrovarStrinel;
			sourceTree = "<group>";
		};
		748173442F56D729008BA5CC = {
			isa = PBXGroup;
			children = (
				746C16242F6AD6A100F44B30 /* 1TrulbargrovarStrinel */,
				746C11332F6884CB00F44B30 /* NotificationServiceExtension */,
				7481734E2F56D729008BA5CC /* Products */,
				7B8A3300C9939CBE2B6144A4 /* Pods */,
				8702844408014939F9D9D841 /* Frameworks */,
			);
			sourceTree = "<group>";
		};
		7481734E2F56D729008BA5CC /* Products */ = {
			isa = PBXGroup;
			children = (
				7481734D2F56D729008BA5CC /* 1TrulbargrovarStrinel.app */,
				8A1000032F70000100AAA001 /* NotificationServiceExtension.appex */,
			);
			name = Products;
			sourceTree = "<group>";
		};
		7B8A3300C9939CBE2B6144A4 /* Pods */ = {
			isa = PBXGroup;
			children = (
				E2FB0DEFC38C643C1EB3B613 /* Pods-1TrulbargrovarStrinel.debug.xcconfig */,
				B93B32A2DB826C155AE1C60C /* Pods-1TrulbargrovarStrinel.release.xcconfig */,
			);
			path = Pods;
			sourceTree = "<group>";
		};
		8702844408014939F9D9D841 /* Frameworks */ = {
			isa = PBXGroup;
			children = (
				BFB2C21857C5A9C0F1005658 /* Pods_1TrulbargrovarStrinel.framework */,
			);
			name = Frameworks;
			sourceTree = "<group>";
		};
/* End PBXGroup section */

/* Begin PBXNativeTarget section */
		7481734C2F56D729008BA5CC /* 1TrulbargrovarStrinel */ = {
			isa = PBXNativeTarget;
			buildConfigurationList = 748173602F56D72A008BA5CC /* Build configuration list for PBXNativeTarget "1TrulbargrovarStrinel" */;
			buildPhases = (
				93EB889E0BE46C829467B072 /* [CP] Check Pods Manifest.lock */,
				748173492F56D729008BA5CC /* Sources */,
				7481734A2F56D729008BA5CC /* Frameworks */,
				7481734B2F56D729008BA5CC /* Resources */,
				8A10000D2F70000100AAA001 /* Embed App Extensions */,
			);
			buildRules = (
			);
			dependencies = (
				8A10000F2F70000100AAA001 /* PBXTargetDependency */,
			);
			name = 1TrulbargrovarStrinel;
			productName = 1TrulbargrovarStrinel;
			productReference = 7481734D2F56D729008BA5CC /* 1TrulbargrovarStrinel.app */;
			productType = "com.apple.product-type.application";
		};
		8A1000072F70000100AAA001 /* NotificationServiceExtension */ = {
			isa = PBXNativeTarget;
			buildConfigurationList = 8A10000C2F70000100AAA001 /* Build configuration list for PBXNativeTarget "NotificationServiceExtension" */;
			buildPhases = (
				8A1000092F70000100AAA001 /* Sources */,
				8A1000062F70000100AAA001 /* Frameworks */,
				8A1000082F70000100AAA001 /* Resources */,
			);
			buildRules = (
			);
			dependencies = (
			);
			name = NotificationServiceExtension;
			packageProductDependencies = (
				74F338CD2F5EB83600D4BA16 /* FirebaseMessaging */,
			);
			productName = NotificationServiceExtension;
			productReference = 8A1000032F70000100AAA001 /* NotificationServiceExtension.appex */;
			productType = "com.apple.product-type.app-extension";
		};
/* End PBXNativeTarget section */

/* Begin PBXProject section */
		748173452F56D729008BA5CC /* Project object */ = {
			isa = PBXProject;
			attributes = {
				BuildIndependentTargetsInParallel = 1;
				LastSwiftUpdateCheck = 2620;
				LastUpgradeCheck = 2620;
				TargetAttributes = {
					7481734C2F56D729008BA5CC = {
						CreatedOnToolsVersion = 26.2;
					};
					8A1000072F70000100AAA001 = {
						CreatedOnToolsVersion = 26.2;
					};
				};
			};
			buildConfigurationList = 748173482F56D729008BA5CC /* Build configuration list for PBXProject "1TrulbargrovarStrinel" */;
			compatibilityVersion = "Xcode 15.0";
			developmentRegion = en;
			hasScannedForEncodings = 0;
			knownRegions = (
				en,
				Base,
			);
			mainGroup = 748173442F56D729008BA5CC;
			packageReferences = (
				748178E72F5E0D9B008BA5CC /* XCRemoteSwiftPackageReference "AppsFlyerFramework-Static" */,
				74F338CC2F5EB83600D4BA16 /* XCRemoteSwiftPackageReference "firebase-ios-sdk" */,
			);
			productRefGroup = 7481734E2F56D729008BA5CC /* Products */;
			projectDirPath = "";
			projectRoot = "";
			targets = (
				7481734C2F56D729008BA5CC /* 1TrulbargrovarStrinel */,
				8A1000072F70000100AAA001 /* NotificationServiceExtension */,
			);
		};
/* End PBXProject section */

/* Begin PBXResourcesBuildPhase section */
		7481734B2F56D729008BA5CC /* Resources */ = {
			isa = PBXResourcesBuildPhase;
			buildActionMask = 2147483647;
			files = (
				746C16442F6AD6A100F44B30 /* Assets.xcassets in Resources */,
				746C16452F6AD6A100F44B30 /* GoogleService-Info.plist in Resources */,
				746C16472F6AD6A100F44B30 /* LaunchScreen.storyboard in Resources */,
				746C16482F6AD6A100F44B30 /* Main.storyboard in Resources */,
			);
			runOnlyForDeploymentPostprocessing = 0;
		};
		8A1000082F70000100AAA001 /* Resources */ = {
			isa = PBXResourcesBuildPhase;
			buildActionMask = 2147483647;
			files = (
			);
			runOnlyForDeploymentPostprocessing = 0;
		};
/* End PBXResourcesBuildPhase section */

/* Begin PBXShellScriptBuildPhase section */
		93EB889E0BE46C829467B072 /* [CP] Check Pods Manifest.lock */ = {
			isa = PBXShellScriptBuildPhase;
			buildActionMask = 2147483647;
			files = (
			);
			inputFileListPaths = (
			);
			inputPaths = (
				"${PODS_PODFILE_DIR_PATH}/Podfile.lock",
				"${PODS_ROOT}/Manifest.lock",
			);
			name = "[CP] Check Pods Manifest.lock";
			outputFileListPaths = (
			);
			outputPaths = (
				"$(DERIVED_FILE_DIR)/Pods-1TrulbargrovarStrinel-checkManifestLockResult.txt",
			);
			runOnlyForDeploymentPostprocessing = 0;
			shellPath = /bin/sh;
			shellScript = "diff \"${PODS_PODFILE_DIR_PATH}/Podfile.lock\" \"${PODS_ROOT}/Manifest.lock\" > /dev/null\nif [ $? != 0 ] ; then\n    # print error to STDERR\n    echo \"error: The sandbox is not in sync with the Podfile.lock. Run 'pod install' or update your CocoaPods installation.\" >&2\n    exit 1\nfi\n# This output is used by Xcode 'outputs' to avoid re-running this script phase.\necho \"SUCCESS\" > \"${SCRIPT_OUTPUT_FILE_0}\"\n";
			showEnvVarsInLog = 0;
		};
/* End PBXShellScriptBuildPhase section */

/* Begin PBXSourcesBuildPhase section */
		748173492F56D729008BA5CC /* Sources */ = {
			isa = PBXSourcesBuildPhase;
			buildActionMask = 2147483647;
			files = (
				746C16252F6AD6A100F44B30 /* AppsFlyerManager.swift in Sources */,
				746C16262F6AD6A100F44B30 /* ConfigManager.swift in Sources */,
				746C16272F6AD6A100F44B30 /* LoadingManager.swift in Sources */,
				746C16282F6AD6A100F44B30 /* LoadingView.swift in Sources */,
				746C16292F6AD6A100F44B30 /* LoadingViewController.swift in Sources */,
				746C162A2F6AD6A100F44B30 /* NetworkAvailability.swift in Sources */,
				746C162B2F6AD6A100F44B30 /* NoInternetView.swift in Sources */,
				746C162C2F6AD6A100F44B30 /* NotificationPermissionManager.swift in Sources */,
				746C162D2F6AD6A100F44B30 /* NotificationPermissionView.swift in Sources */,
				746C162E2F6AD6A100F44B30 /* NotificationPermissionViewController.swift in Sources */,
				746C162F2F6AD6A100F44B30 /* PushNotificationURLRouter.swift in Sources */,
				746C16302F6AD6A100F44B30 /* UserAgentBuilder.swift in Sources */,
				746C16312F6AD6A100F44B30 /* WebviewVC.swift in Sources */,
				746C16322F6AD6A100F44B30 /* AchievementsTabView.swift in Sources */,
				746C16332F6AD6A100F44B30 /* AppDelegate.swift in Sources */,
				746C16342F6AD6A100F44B30 /* ContentView.swift in Sources */,
				746C16352F6AD6A100F44B30 /* GameBackgroundView.swift in Sources */,
				746C16362F6AD6A100F44B30 /* GameSelectionView.swift in Sources */,
				746C16372F6AD6A100F44B30 /* GameStorage.swift in Sources */,
				746C16382F6AD6A100F44B30 /* LevelResultView.swift in Sources */,
				746C16392F6AD6A100F44B30 /* MainTabView.swift in Sources */,
				746C163A2F6AD6A100F44B30 /* OnboardingView.swift in Sources */,
				746C163B2F6AD6A100F44B30 /* PathTracerViewModel.swift in Sources */,
				746C163C2F6AD6A100F44B30 /* PlayTabView.swift in Sources */,
				746C163D2F6AD6A100F44B30 /* PrecisionDropViewModel.swift in Sources */,
				746C163E2F6AD6A100F44B30 /* RootGameContainerView.swift in Sources */,
				746C163F2F6AD6A100F44B30 /* ScaledButtonStyle.swift in Sources */,
				746C16402F6AD6A100F44B30 /* SceneDelegate.swift in Sources */,
				746C16412F6AD6A100F44B30 /* SettingsTabView.swift in Sources */,
				746C16422F6AD6A100F44B30 /* StackRushViewModel.swift in Sources */,
				746C16432F6AD6A100F44B30 /* ViewController.swift in Sources */,
			);
			runOnlyForDeploymentPostprocessing = 0;
		};
		8A1000092F70000100AAA001 /* Sources */ = {
			isa = PBXSourcesBuildPhase;
			buildActionMask = 2147483647;
			files = (
				746C11342F6884CB00F44B30 /* NotificationService.swift in Sources */,
			);
			runOnlyForDeploymentPostprocessing = 0;
		};
/* End PBXSourcesBuildPhase section */

/* Begin PBXTargetDependency section */
		8A10000F2F70000100AAA001 /* PBXTargetDependency */ = {
			isa = PBXTargetDependency;
			target = 8A1000072F70000100AAA001 /* NotificationServiceExtension */;
			targetProxy = 8A10000E2F70000100AAA001 /* PBXContainerItemProxy */;
		};
/* End PBXTargetDependency section */

/* Begin PBXVariantGroup section */
		746C16152F6AD6A100F44B30 /* LaunchScreen.storyboard */ = {
			isa = PBXVariantGroup;
			children = (
				746C16142F6AD6A100F44B30 /* Base */,
			);
			name = LaunchScreen.storyboard;
			sourceTree = "<group>";
		};
		746C16182F6AD6A100F44B30 /* Main.storyboard */ = {
			isa = PBXVariantGroup;
			children = (
				746C16172F6AD6A100F44B30 /* Base */,
			);
			name = Main.storyboard;
			sourceTree = "<group>";
		};
/* End PBXVariantGroup section */

/* Begin XCBuildConfiguration section */
		748173612F56D72A008BA5CC /* Debug */ = {
			isa = XCBuildConfiguration;
			baseConfigurationReference = E2FB0DEFC38C643C1EB3B613 /* Pods-1TrulbargrovarStrinel.debug.xcconfig */;
			buildSettings = {
				ASSETCATALOG_COMPILER_APPICON_NAME = AppIcon;
				ASSETCATALOG_COMPILER_GLOBAL_ACCENT_COLOR_NAME = AccentColor;
				CODE_SIGN_ENTITLEMENTS = 1TrulbargrovarStrinel/1TrulbargrovarStrinel.entitlements;
				CODE_SIGN_IDENTITY = "Apple Development";
				CODE_SIGN_STYLE = Automatic;
				CURRENT_PROJECT_VERSION = 11;
				DEVELOPMENT_TEAM = "";
				GENERATE_INFOPLIST_FILE = YES;
				INFOPLIST_FILE = 1TrulbargrovarStrinel/Info.plist;
				INFOPLIST_KEY_CFBundleDisplayName = "Trulbargrovar Strinel";
				INFOPLIST_KEY_NSUserTrackingUsageDescription = "We use this data to measure ad campaigns and improve your experience in the app.";
				INFOPLIST_KEY_UIApplicationSupportsIndirectInputEvents = YES;
				INFOPLIST_KEY_UILaunchStoryboardName = LaunchScreen;
				INFOPLIST_KEY_UIMainStoryboardFile = Main;
				INFOPLIST_KEY_UIRequiresFullScreen = YES;
				INFOPLIST_KEY_UISupportedInterfaceOrientations = "UIInterfaceOrientationLandscapeLeft UIInterfaceOrientationLandscapeRight UIInterfaceOrientationPortrait";
				INFOPLIST_KEY_UISupportedInterfaceOrientations_iPad = UIInterfaceOrientationPortrait;
				IPHONEOS_DEPLOYMENT_TARGET = 16.6;
				LD_RUNPATH_SEARCH_PATHS = (
					"$(inherited)",
					"@executable_path/Frameworks",
				);
				MARKETING_VERSION = 1.1;
				PRODUCT_BUNDLE_IDENTIFIER = com.hal.dfrh80sl93s;
				PRODUCT_NAME = "$(TARGET_NAME)";
				PROVISIONING_PROFILE_SPECIFIER = "";
				STRING_CATALOG_GENERATE_SYMBOLS = YES;
				SUPPORTED_PLATFORMS = "iphoneos iphonesimulator";
				SUPPORTS_MACCATALYST = NO;
				SUPPORTS_MAC_DESIGNED_FOR_IPHONE_IPAD = NO;
				SUPPORTS_XR_DESIGNED_FOR_IPHONE_IPAD = NO;
				SWIFT_APPROACHABLE_CONCURRENCY = YES;
				SWIFT_DEFAULT_ACTOR_ISOLATION = MainActor;
				SWIFT_EMIT_LOC_STRINGS = YES;
				SWIFT_UPCOMING_FEATURE_MEMBER_IMPORT_VISIBILITY = YES;
				SWIFT_VERSION = 5.0;
				TARGETED_DEVICE_FAMILY = 1;
			};
			name = Debug;
		};
		748173622F56D72A008BA5CC /* Release */ = {
			isa = XCBuildConfiguration;
			baseConfigurationReference = B93B32A2DB826C155AE1C60C /* Pods-1TrulbargrovarStrinel.release.xcconfig */;
			buildSettings = {
				ASSETCATALOG_COMPILER_APPICON_NAME = AppIcon;
				ASSETCATALOG_COMPILER_GLOBAL_ACCENT_COLOR_NAME = AccentColor;
				CODE_SIGN_ENTITLEMENTS = 1TrulbargrovarStrinel/1TrulbargrovarStrinel.entitlements;
				CODE_SIGN_IDENTITY = "Apple Development";
				CODE_SIGN_STYLE = Automatic;
				CURRENT_PROJECT_VERSION = 11;
				DEVELOPMENT_TEAM = "";
				GENERATE_INFOPLIST_FILE = YES;
				INFOPLIST_FILE = 1TrulbargrovarStrinel/Info.plist;
				INFOPLIST_KEY_CFBundleDisplayName = "Trulbargrovar Strinel";
				INFOPLIST_KEY_NSUserTrackingUsageDescription = "We use this data to measure ad campaigns and improve your experience in the app.";
				INFOPLIST_KEY_UIApplicationSupportsIndirectInputEvents = YES;
				INFOPLIST_KEY_UILaunchStoryboardName = LaunchScreen;
				INFOPLIST_KEY_UIMainStoryboardFile = Main;
				INFOPLIST_KEY_UIRequiresFullScreen = YES;
				INFOPLIST_KEY_UISupportedInterfaceOrientations = "UIInterfaceOrientationLandscapeLeft UIInterfaceOrientationLandscapeRight UIInterfaceOrientationPortrait";
				INFOPLIST_KEY_UISupportedInterfaceOrientations_iPad = UIInterfaceOrientationPortrait;
				IPHONEOS_DEPLOYMENT_TARGET = 16.6;
				LD_RUNPATH_SEARCH_PATHS = (
					"$(inherited)",
					"@executable_path/Frameworks",
				);
				MARKETING_VERSION = 1.1;
				PRODUCT_BUNDLE_IDENTIFIER = com.hal.dfrh80sl93s;
				PRODUCT_NAME = "$(TARGET_NAME)";
				PROVISIONING_PROFILE_SPECIFIER = "";
				STRING_CATALOG_GENERATE_SYMBOLS = YES;
				SUPPORTED_PLATFORMS = "iphoneos iphonesimulator";
				SUPPORTS_MACCATALYST = NO;
				SUPPORTS_MAC_DESIGNED_FOR_IPHONE_IPAD = NO;
				SUPPORTS_XR_DESIGNED_FOR_IPHONE_IPAD = NO;
				SWIFT_APPROACHABLE_CONCURRENCY = YES;
				SWIFT_DEFAULT_ACTOR_ISOLATION = MainActor;
				SWIFT_EMIT_LOC_STRINGS = YES;
				SWIFT_UPCOMING_FEATURE_MEMBER_IMPORT_VISIBILITY = YES;
				SWIFT_VERSION = 5.0;
				TARGETED_DEVICE_FAMILY = 1;
			};
			name = Release;
		};
		748173632F56D72A008BA5CC /* Debug */ = {
			isa = XCBuildConfiguration;
			buildSettings = {
				ALWAYS_SEARCH_USER_PATHS = NO;
				ASSETCATALOG_COMPILER_GENERATE_SWIFT_ASSET_SYMBOL_EXTENSIONS = YES;
				CLANG_ANALYZER_NONNULL = YES;
				CLANG_ANALYZER_NUMBER_OBJECT_CONVERSION = YES_AGGRESSIVE;
				CLANG_CXX_LANGUAGE_STANDARD = "gnu++20";
				CLANG_ENABLE_MODULES = YES;
				CLANG_ENABLE_OBJC_ARC = YES;
				CLANG_ENABLE_OBJC_WEAK = YES;
				CLANG_WARN_BLOCK_CAPTURE_AUTORELEASING = YES;
				CLANG_WARN_BOOL_CONVERSION = YES;
				CLANG_WARN_COMMA = YES;
				CLANG_WARN_CONSTANT_CONVERSION = YES;
				CLANG_WARN_DEPRECATED_OBJC_IMPLEMENTATIONS = YES;
				CLANG_WARN_DIRECT_OBJC_ISA_USAGE = YES_ERROR;
				CLANG_WARN_DOCUMENTATION_COMMENTS = YES;
				CLANG_WARN_EMPTY_BODY = YES;
				CLANG_WARN_ENUM_CONVERSION = YES;
				CLANG_WARN_INFINITE_RECURSION = YES;
				CLANG_WARN_INT_CONVERSION = YES;
				CLANG_WARN_NON_LITERAL_NULL_CONVERSION = YES;
				CLANG_WARN_OBJC_IMPLICIT_RETAIN_SELF = YES;
				CLANG_WARN_OBJC_LITERAL_CONVERSION = YES;
				CLANG_WARN_OBJC_ROOT_CLASS = YES_ERROR;
				CLANG_WARN_QUOTED_INCLUDE_IN_FRAMEWORK_HEADER = YES;
				CLANG_WARN_RANGE_LOOP_ANALYSIS = YES;
				CLANG_WARN_STRICT_PROTOTYPES = YES;
				CLANG_WARN_SUSPICIOUS_MOVE = YES;
				CLANG_WARN_UNGUARDED_AVAILABILITY = YES_AGGRESSIVE;
				CLANG_WARN_UNREACHABLE_CODE = YES;
				CLANG_WARN__DUPLICATE_METHOD_MATCH = YES;
				COPY_PHASE_STRIP = NO;
				DEBUG_INFORMATION_FORMAT = dwarf;
				ENABLE_STRICT_OBJC_MSGSEND = YES;
				ENABLE_TESTABILITY = YES;
				ENABLE_USER_SCRIPT_SANDBOXING = YES;
				GCC_C_LANGUAGE_STANDARD = gnu17;
				GCC_DYNAMIC_NO_PIC = NO;
				GCC_NO_COMMON_BLOCKS = YES;
				GCC_OPTIMIZATION_LEVEL = 0;
				GCC_PREPROCESSOR_DEFINITIONS = (
					"DEBUG=1",
					"$(inherited)",
				);
				GCC_WARN_64_TO_32_BIT_CONVERSION = YES;
				GCC_WARN_ABOUT_RETURN_TYPE = YES_ERROR;
				GCC_WARN_UNDECLARED_SELECTOR = YES;
				GCC_WARN_UNINITIALIZED_AUTOS = YES_AGGRESSIVE;
				GCC_WARN_UNUSED_FUNCTION = YES;
				GCC_WARN_UNUSED_VARIABLE = YES;
				IPHONEOS_DEPLOYMENT_TARGET = 26.2;
				LOCALIZATION_PREFERS_STRING_CATALOGS = YES;
				MTL_ENABLE_DEBUG_INFO = INCLUDE_SOURCE;
				MTL_FAST_MATH = YES;
				ONLY_ACTIVE_ARCH = YES;
				SDKROOT = iphoneos;
				SWIFT_ACTIVE_COMPILATION_CONDITIONS = "DEBUG $(inherited)";
				SWIFT_OPTIMIZATION_LEVEL = "-Onone";
			};
			name = Debug;
		};
		748173642F56D72A008BA5CC /* Release */ = {
			isa = XCBuildConfiguration;
			buildSettings = {
				ALWAYS_SEARCH_USER_PATHS = NO;
				ASSETCATALOG_COMPILER_GENERATE_SWIFT_ASSET_SYMBOL_EXTENSIONS = YES;
				CLANG_ANALYZER_NONNULL = YES;
				CLANG_ANALYZER_NUMBER_OBJECT_CONVERSION = YES_AGGRESSIVE;
				CLANG_CXX_LANGUAGE_STANDARD = "gnu++20";
				CLANG_ENABLE_MODULES = YES;
				CLANG_ENABLE_OBJC_ARC = YES;
				CLANG_ENABLE_OBJC_WEAK = YES;
				CLANG_WARN_BLOCK_CAPTURE_AUTORELEASING = YES;
				CLANG_WARN_BOOL_CONVERSION = YES;
				CLANG_WARN_COMMA = YES;
				CLANG_WARN_CONSTANT_CONVERSION = YES;
				CLANG_WARN_DEPRECATED_OBJC_IMPLEMENTATIONS = YES;
				CLANG_WARN_DIRECT_OBJC_ISA_USAGE = YES_ERROR;
				CLANG_WARN_DOCUMENTATION_COMMENTS = YES;
				CLANG_WARN_EMPTY_BODY = YES;
				CLANG_WARN_ENUM_CONVERSION = YES;
				CLANG_WARN_INFINITE_RECURSION = YES;
				CLANG_WARN_INT_CONVERSION = YES;
				CLANG_WARN_NON_LITERAL_NULL_CONVERSION = YES;
				CLANG_WARN_OBJC_IMPLICIT_RETAIN_SELF = YES;
				CLANG_WARN_OBJC_LITERAL_CONVERSION = YES;
				CLANG_WARN_OBJC_ROOT_CLASS = YES_ERROR;
				CLANG_WARN_QUOTED_INCLUDE_IN_FRAMEWORK_HEADER = YES;
				CLANG_WARN_RANGE_LOOP_ANALYSIS = YES;
				CLANG_WARN_STRICT_PROTOTYPES = YES;
				CLANG_WARN_SUSPICIOUS_MOVE = YES;
				CLANG_WARN_UNGUARDED_AVAILABILITY = YES_AGGRESSIVE;
				CLANG_WARN_UNREACHABLE_CODE = YES;
				CLANG_WARN__DUPLICATE_METHOD_MATCH = YES;
				COPY_PHASE_STRIP = NO;
				DEBUG_INFORMATION_FORMAT = "dwarf-with-dsym";
				ENABLE_NS_ASSERTIONS = NO;
				ENABLE_STRICT_OBJC_MSGSEND = YES;
				ENABLE_USER_SCRIPT_SANDBOXING = YES;
				GCC_C_LANGUAGE_STANDARD = gnu17;
				GCC_NO_COMMON_BLOCKS = YES;
				GCC_WARN_64_TO_32_BIT_CONVERSION = YES;
				GCC_WARN_ABOUT_RETURN_TYPE = YES_ERROR;
				GCC_WARN_UNDECLARED_SELECTOR = YES;
				GCC_WARN_UNINITIALIZED_AUTOS = YES_AGGRESSIVE;
				GCC_WARN_UNUSED_FUNCTION = YES;
				GCC_WARN_UNUSED_VARIABLE = YES;
				IPHONEOS_DEPLOYMENT_TARGET = 26.2;
				LOCALIZATION_PREFERS_STRING_CATALOGS = YES;
				MTL_ENABLE_DEBUG_INFO = NO;
				MTL_FAST_MATH = YES;
				SDKROOT = iphoneos;
				SWIFT_COMPILATION_MODE = wholemodule;
				VALIDATE_PRODUCT = YES;
			};
			name = Release;
		};
		8A10000A2F70000100AAA001 /* Debug */ = {
			isa = XCBuildConfiguration;
			buildSettings = {
				APPLICATION_EXTENSION_API_ONLY = YES;
				CODE_SIGN_IDENTITY = "Apple Development";
				CODE_SIGN_STYLE = Automatic;
				CURRENT_PROJECT_VERSION = 1;
				DEVELOPMENT_TEAM = "";
				GENERATE_INFOPLIST_FILE = NO;
				INFOPLIST_FILE = NotificationServiceExtension/Info.plist;
				IPHONEOS_DEPLOYMENT_TARGET = 16.6;
				LD_RUNPATH_SEARCH_PATHS = (
					"$(inherited)",
					"@executable_path/Frameworks",
					"@executable_path/../../Frameworks",
				);
				MARKETING_VERSION = 1.0;
				PRODUCT_BUNDLE_IDENTIFIER = com.hal.dfrh80sl93s.NotificationServiceExtension;
				PRODUCT_NAME = "$(TARGET_NAME)";
				PROVISIONING_PROFILE_SPECIFIER = "";
				SKIP_INSTALL = YES;
				SUPPORTED_PLATFORMS = "iphoneos iphonesimulator";
				SWIFT_EMIT_LOC_STRINGS = YES;
				SWIFT_VERSION = 5.0;
				TARGETED_DEVICE_FAMILY = 1;
			};
			name = Debug;
		};
		8A10000B2F70000100AAA001 /* Release */ = {
			isa = XCBuildConfiguration;
			buildSettings = {
				APPLICATION_EXTENSION_API_ONLY = YES;
				CODE_SIGN_IDENTITY = "Apple Development";
				CODE_SIGN_STYLE = Automatic;
				CURRENT_PROJECT_VERSION = 1;
				DEVELOPMENT_TEAM = "";
				GENERATE_INFOPLIST_FILE = NO;
				INFOPLIST_FILE = NotificationServiceExtension/Info.plist;
				IPHONEOS_DEPLOYMENT_TARGET = 16.6;
				LD_RUNPATH_SEARCH_PATHS = (
					"$(inherited)",
					"@executable_path/Frameworks",
					"@executable_path/../../Frameworks",
				);
				MARKETING_VERSION = 1.0;
				PRODUCT_BUNDLE_IDENTIFIER = com.hal.dfrh80sl93s.NotificationServiceExtension;
				PRODUCT_NAME = "$(TARGET_NAME)";
				PROVISIONING_PROFILE_SPECIFIER = "";
				SKIP_INSTALL = YES;
				SUPPORTED_PLATFORMS = "iphoneos iphonesimulator";
				SWIFT_EMIT_LOC_STRINGS = YES;
				SWIFT_VERSION = 5.0;
				TARGETED_DEVICE_FAMILY = 1;
			};
			name = Release;
		};
/* End XCBuildConfiguration section */

/* Begin XCConfigurationList section */
		748173482F56D729008BA5CC /* Build configuration list for PBXProject "1TrulbargrovarStrinel" */ = {
			isa = XCConfigurationList;
			buildConfigurations = (
				748173632F56D72A008BA5CC /* Debug */,
				748173642F56D72A008BA5CC /* Release */,
			);
			defaultConfigurationIsVisible = 0;
			defaultConfigurationName = Release;
		};
		748173602F56D72A008BA5CC /* Build configuration list for PBXNativeTarget "1TrulbargrovarStrinel" */ = {
			isa = XCConfigurationList;
			buildConfigurations = (
				748173612F56D72A008BA5CC /* Debug */,
				748173622F56D72A008BA5CC /* Release */,
			);
			defaultConfigurationIsVisible = 0;
			defaultConfigurationName = Release;
		};
		8A10000C2F70000100AAA001 /* Build configuration list for PBXNativeTarget "NotificationServiceExtension" */ = {
			isa = XCConfigurationList;
			buildConfigurations = (
				8A10000A2F70000100AAA001 /* Debug */,
				8A10000B2F70000100AAA001 /* Release */,
			);
			defaultConfigurationIsVisible = 0;
			defaultConfigurationName = Release;
		};
/* End XCConfigurationList section */

/* Begin XCRemoteSwiftPackageReference section */
		748178E72F5E0D9B008BA5CC /* XCRemoteSwiftPackageReference "AppsFlyerFramework-Static" */ = {
			isa = XCRemoteSwiftPackageReference;
			repositoryURL = "https://github.com/AppsFlyerSDK/AppsFlyerFramework-Static";
			requirement = {
				kind = upToNextMajorVersion;
				minimumVersion = 6.17.8;
			};
		};
		74F338CC2F5EB83600D4BA16 /* XCRemoteSwiftPackageReference "firebase-ios-sdk" */ = {
			isa = XCRemoteSwiftPackageReference;
			repositoryURL = "https://github.com/firebase/firebase-ios-sdk";
			requirement = {
				kind = upToNextMajorVersion;
				minimumVersion = 12.10.0;
			};
		};
/* End XCRemoteSwiftPackageReference section */

/* Begin XCSwiftPackageProductDependency section */
		748178E82F5E0D9B008BA5CC /* AppsFlyerLib-Static */ = {
			isa = XCSwiftPackageProductDependency;
			package = 748178E72F5E0D9B008BA5CC /* XCRemoteSwiftPackageReference "AppsFlyerFramework-Static" */;
			productName = "AppsFlyerLib-Static";
		};
		74F338CD2F5EB83600D4BA16 /* FirebaseMessaging */ = {
			isa = XCSwiftPackageProductDependency;
			package = 74F338CC2F5EB83600D4BA16 /* XCRemoteSwiftPackageReference "firebase-ios-sdk" */;
			productName = FirebaseMessaging;
		};
/* End XCSwiftPackageProductDependency section */
	};
	rootObject = 748173452F56D729008BA5CC /* Project object */;
}
